
Microsoft Visual Studio Solution File, Format Version 12.00
# Visual Studio Version 17
VisualStudioVersion = 17.5.002.0
MinimumVisualStudioVersion = 10.0.40219.1
Project("{9A19103F-16F7-4668-BE54-9A1E7A4F7556}") = "WebApplication1", "WebApplication1.csproj", "{15A90B96-3CC5-40DA-B3A4-76E6D09B95B3}"
EndProject
Global
	GlobalSection(SolutionConfigurationPlatforms) = preSolution
		Debug|Any CPU = Debug|Any CPU
		Release|Any CPU = Release|Any CPU
	EndGlobalSection
	GlobalSection(ProjectConfigurationPlatforms) = postSolution
		{15A90B96-3CC5-40DA-B3A4-76E6D09B95B3}.Debug|Any CPU.ActiveCfg = Debug|Any CPU
		{15A90B96-3CC5-40DA-B3A4-76E6D09B95B3}.Debug|Any CPU.Build.0 = Debug|Any CPU
		{15A90B96-3CC5-40DA-B3A4-76E6D09B95B3}.Release|Any CPU.ActiveCfg = Release|Any CPU
		{15A90B96-3CC5-40DA-B3A4-76E6D09B95B3}.Release|Any CPU.Build.0 = Release|Any CPU
	EndGlobalSection
	GlobalSection(SolutionProperties) = preSolution
		HideSolutionNode = FALSE
	EndGlobalSection
	GlobalSection(ExtensibilityGlobals) = postSolution
		SolutionGuid = {2C39C4EF-7276-4781-A685-3E4F8574ED3C}
	EndGlobalSection
EndGlobal
